
Microsoft Visual Studio Solution File, Format Version 12.00
# Visual Studio Version 16
VisualStudioVersion = 16.0.31624.102
MinimumVisualStudioVersion = 10.0.40219.1
Project("{FAE04EC0-301F-11D3-BF4B-00C04F79EFBC}") = "Sudoku", "Sudoku\Sudoku.csproj", "{30CA4648-D988-4E70-95F8-35D476C2A717}"
EndProject
Global
	GlobalSection(SolutionConfigurationPlatforms) = preSolution
		Debug|Any CPU = Debug|Any CPU
		Release|Any CPU = Release|Any CPU
	EndGlobalSection
	GlobalSection(ProjectConfigurationPlatforms) = postSolution
		{30CA4648-D988-4E70-95F8-35D476C2A717}.Debug|Any CPU.ActiveCfg = Debug|Any CPU
		{30CA4648-D988-4E70-95F8-35D476C2A717}.Debug|Any CPU.Build.0 = Debug|Any CPU
		{30CA4648-D988-4E70-95F8-35D476C2A717}.Release|Any CPU.ActiveCfg = Release|Any CPU
		{30CA4648-D988-4E70-95F8-35D476C2A717}.Release|Any CPU.Build.0 = Release|Any CPU
	EndGlobalSection
	GlobalSection(SolutionProperties) = preSolution
		HideSolutionNode = FALSE
	EndGlobalSection
	GlobalSection(ExtensibilityGlobals) = postSolution
		SolutionGuid = {8067D2A7-A7F8-4A30-8441-DA90BB569E13}
	EndGlobalSection
EndGlobal
